// !$*UTF8*$!
{
	archiveVersion = 1;
	classes = {
	};
	objectVersion = 50;
	objects = {

/* Begin PBXBuildFile section */
		3D184A9C22775AF600A2FDDC /* AppDelegate.swift in Sources */ = {isa = PBXBuildFile; fileRef = 3D184A9B22775AF600A2FDDC /* AppDelegate.swift */; };
		3D184AA122775AF600A2FDDC /* Main.storyboard in Resources */ = {isa = PBXBuildFile; fileRef = 3D184A9F22775AF600A2FDDC /* Main.storyboard */; };
		3D184AA322775AF900A2FDDC /* Assets.xcassets in Resources */ = {isa = PBXBuildFile; fileRef = 3D184AA222775AF900A2FDDC /* Assets.xcassets */; };
		3D184AA622775AF900A2FDDC /* LaunchScreen.storyboard in Resources */ = {isa = PBXBuildFile; fileRef = 3D184AA422775AF900A2FDDC /* LaunchScreen.storyboard */; };
		3D184AAE22776CE000A2FDDC /* NumberedViewController.swift in Sources */ = {isa = PBXBuildFile; fileRef = 3D184AAD22776CE000A2FDDC /* NumberedViewController.swift */; };
		3D184AB0227772BF00A2FDDC /* RedViewController.swift in Sources */ = {isa = PBXBuildFile; fileRef = 3D184AAF227772BF00A2FDDC /* RedViewController.swift */; };
/* End PBXBuildFile section */

/* Begin PBXFileReference section */
		3D184A9822775AF600A2FDDC /* Screens.app */ = {isa = PBXFileReference; explicitFileType = wrapper.application; includeInIndex = 0; path = Screens.app; sourceTree = BUILT_PRODUCTS_DIR; };
		3D184A9B22775AF600A2FDDC /* AppDelegate.swift */ = {isa = PBXFileReference; lastKnownFileType = sourcecode.swift; path = AppDelegate.swift; sourceTree = "<group>"; };
		3D184AA022775AF600A2FDDC /* Base */ = {isa = PBXFileReference; lastKnownFileType = file.storyboard; name = Base; path = Base.lproj/Main.storyboard; sourceTree = "<group>"; };
		3D184AA222775AF900A2FDDC /* Assets.xcassets */ = {isa = PBXFileReference; lastKnownFileType = folder.assetcatalog; path = Assets.xcassets; sourceTree = "<group>"; };
		3D184AA522775AF900A2FDDC /* Base */ = {isa = PBXFileReference; lastKnownFileType = file.storyboard; name = Base; path = Base.lproj/LaunchScreen.storyboard; sourceTree = "<group>"; };
		3D184AA722775AF900A2FDDC /* Info.plist */ = {isa = PBXFileReference; lastKnownFileType = text.plist.xml; path = Info.plist; sourceTree = "<group>"; };
		3D184AAD22776CE000A2FDDC /* NumberedViewController.swift */ = {isa = PBXFileReference; lastKnownFileType = sourcecode.swift; path = NumberedViewController.swift; sourceTree = "<group>"; };
		3D184AAF227772BF00A2FDDC /* RedViewController.swift */ = {isa = PBXFileReference; lastKnownFileType = sourcecode.swift; path = RedViewController.swift; sourceTree = "<group>"; };
/* End PBXFileReference section */

/* Begin PBXFrameworksBuildPhase section */
		3D184A9522775AF600A2FDDC /* Frameworks */ = {
			isa = PBXFrameworksBuildPhase;
			buildActionMask = 2147483647;
			files = (
			);
			runOnlyForDeploymentPostprocessing = 0;
		};
/* End PBXFrameworksBuildPhase section */

/* Begin PBXGroup section */
		3D184A8F22775AF600A2FDDC = {
			isa = PBXGroup;
			children = (
				3D184A9A22775AF600A2FDDC /* Screens */,
				3D184A9922775AF600A2FDDC /* Products */,
			);
			sourceTree = "<group>";
		};
		3D184A9922775AF600A2FDDC /* Products */ = {
			isa = PBXGroup;
			children = (
				3D184A9822775AF600A2FDDC /* Screens.app */,
			);
			name = Products;
			sourceTree = "<group>";
		};
		3D184A9A22775AF600A2FDDC /* Screens */ = {
			isa = PBXGroup;
			children = (
				3D184A9B22775AF600A2FDDC /* AppDelegate.swift */,
				3D184AAF227772BF00A2FDDC /* RedViewController.swift */,
				3D184AAD22776CE000A2FDDC /* NumberedViewController.swift */,
				3D184A9F22775AF600A2FDDC /* Main.storyboard */,
				3D184AA222775AF900A2FDDC /* Assets.xcassets */,
				3D184AA422775AF900A2FDDC /* LaunchScreen.storyboard */,
				3D184AA722775AF900A2FDDC /* Info.plist */,
			);
			path = Screens;
			sourceTree = "<group>";
		};
/* End PBXGroup section */

/* Begin PBXNativeTarget section */
		3D184A9722775AF600A2FDDC /* Screens */ = {
			isa = PBXNativeTarget;
			buildConfigurationList = 3D184AAA22775AF900A2FDDC /* Build configuration list for PBXNativeTarget "Screens" */;
			buildPhases = (
				3D184A9422775AF600A2FDDC /* Sources */,
				3D184A9522775AF600A2FDDC /* Frameworks */,
				3D184A9622775AF600A2FDDC /* Resources */,
			);
			buildRules = (
			);
			dependencies = (
			);
			name = Screens;
			productName = Screens;
			productReference = 3D184A9822775AF600A2FDDC /* Screens.app */;
			productType = "com.apple.product-type.application";
		};
/* End PBXNativeTarget section */

/* Begin PBXProject section */
		3D184A9022775AF600A2FDDC /* Project object */ = {
			isa = PBXProject;
			attributes = {
				LastSwiftUpdateCheck = 1020;
				LastUpgradeCheck = 1020;
				ORGANIZATIONNAME = "Mitchell Budge";
				TargetAttributes = {
					3D184A9722775AF600A2FDDC = {
						CreatedOnToolsVersion = 10.2.1;
					};
				};
			};
			buildConfigurationList = 3D184A9322775AF600A2FDDC /* Build configuration list for PBXProject "Screens" */;
			compatibilityVersion = "Xcode 9.3";
			developmentRegion = en;
			hasScannedForEncodings = 0;
			knownRegions = (
				en,
				Base,
			);
			mainGroup = 3D184A8F22775AF600A2FDDC;
			productRefGroup = 3D184A9922775AF600A2FDDC /* Products */;
			projectDirPath = "";
			projectRoot = "";
			targets = (
				3D184A9722775AF600A2FDDC /* Screens */,
			);
		};
/* End PBXProject section */

/* Begin PBXResourcesBuildPhase section */
		3D184A9622775AF600A2FDDC /* Resources */ = {
			isa = PBXResourcesBuildPhase;
			buildActionMask = 2147483647;
			files = (
				3D184AA622775AF900A2FDDC /* LaunchScreen.storyboard in Resources */,
				3D184AA322775AF900A2FDDC /* Assets.xcassets in Resources */,
				3D184AA122775AF600A2FDDC /* Main.storyboard in Resources */,
			);
			runOnlyForDeploymentPostprocessing = 0;
		};
/* End PBXResourcesBuildPhase section */

/* Begin PBXSourcesBuildPhase section */
		3D184A9422775AF600A2FDDC /* Sources */ = {
			isa = PBXSourcesBuildPhase;
			buildActionMask = 2147483647;
			files = (
				3D184AAE22776CE000A2FDDC /* NumberedViewController.swift in Sources */,
				3D184AB0227772BF00A2FDDC /* RedViewController.swift in Sources */,
				3D184A9C22775AF600A2FDDC /* AppDelegate.swift in Sources */,
			);
			runOnlyForDeploymentPostprocessing = 0;
		};
/* End PBXSourcesBuildPhase section */

/* Begin PBXVariantGroup section */
		3D184A9F22775AF600A2FDDC /* Main.storyboard */ = {
			isa = PBXVariantGroup;
			children = (
				3D184AA022775AF600A2FDDC /* Base */,
			);
			name = Main.storyboard;
			sourceTree = "<group>";
		};
		3D184AA422775AF900A2FDDC /* LaunchScreen.storyboard */ = {
			isa = PBXVariantGroup;
			children = (
				3D184AA522775AF900A2FDDC /* Base */,
			);
			name = LaunchScreen.storyboard;
			sourceTree = "<group>";
		};
/* End PBXVariantGroup section */

/* Begin XCBuildConfiguration section */
		3D184AA822775AF900A2FDDC /* Debug */ = {
			isa = XCBuildConfiguration;
			buildSettings = {
				ALWAYS_SEARCH_USER_PATHS = NO;
				CLANG_ANALYZER_NONNULL = YES;
				CLANG_ANALYZER_NUMBER_OBJECT_CONVERSION = YES_AGGRESSIVE;
				CLANG_CXX_LANGUAGE_STANDARD = "gnu++14";
				CLANG_CXX_LIBRARY = "libc++";
				CLANG_ENABLE_MODULES = YES;
				CLANG_ENABLE_OBJC_ARC = YES;
				CLANG_ENABLE_OBJC_WEAK = YES;
				CLANG_WARN_BLOCK_CAPTURE_AUTORELEASING = YES;
				CLANG_WARN_BOOL_CONVERSION = YES;
				CLANG_WARN_COMMA = YES;
				CLANG_WARN_CONSTANT_CONVERSION = YES;
				CLANG_WARN_DEPRECATED_OBJC_IMPLEMENTATIONS = YES;
				CLANG_WARN_DIRECT_OBJC_ISA_USAGE = YES_ERROR;
				CLANG_WARN_DOCUMENTATION_COMMENTS = YES;
				CLANG_WARN_EMPTY_BODY = YES;
				CLANG_WARN_ENUM_CONVERSION = YES;
				CLANG_WARN_INFINITE_RECURSION = YES;
				CLANG_WARN_INT_CONVERSION = YES;
				CLANG_WARN_NON_LITERAL_NULL_CONVERSION = YES;
				CLANG_WARN_OBJC_IMPLICIT_RETAIN_SELF = YES;
				CLANG_WARN_OBJC_LITERAL_CONVERSION = YES;
				CLANG_WARN_OBJC_ROOT_CLASS = YES_ERROR;
				CLANG_WARN_RANGE_LOOP_ANALYSIS = YES;
				CLANG_WARN_STRICT_PROTOTYPES = YES;
				CLANG_WARN_SUSPICIOUS_MOVE = YES;
				CLANG_WARN_UNGUARDED_AVAILABILITY = YES_AGGRESSIVE;
				CLANG_WARN_UNREACHABLE_CODE = YES;
				CLANG_WARN__DUPLICATE_METHOD_MATCH = YES;
				CODE_SIGN_IDENTITY = "iPhone Developer";
				COPY_PHASE_STRIP = NO;
				DEBUG_INFORMATION_FORMAT = dwarf;
				ENABLE_STRICT_OBJC_MSGSEND = YES;
				ENABLE_TESTABILITY = YES;
				GCC_C_LANGUAGE_STANDARD = gnu11;
				GCC_DYNAMIC_NO_PIC = NO;
				GCC_NO_COMMON_BLOCKS = YES;
				GCC_OPTIMIZATION_LEVEL = 0;
				GCC_PREPROCESSOR_DEFINITIONS = (
					"DEBUG=1",
					"$(inherited)",
				);
				GCC_WARN_64_TO_32_BIT_CONVERSION = YES;
				GCC_WARN_ABOUT_RETURN_TYPE = YES_ERROR;
				GCC_WARN_UNDECLARED_SELECTOR = YES;
				GCC_WARN_UNINITIALIZED_AUTOS = YES_AGGRESSIVE;
				GCC_WARN_UNUSED_FUNCTION = YES;
				GCC_WARN_UNUSED_VARIABLE = YES;
				IPHONEOS_DEPLOYMENT_TARGET = 12.2;
				MTL_ENABLE_DEBUG_INFO = INCLUDE_SOURCE;
				MTL_FAST_MATH = YES;
				ONLY_ACTIVE_ARCH = YES;
				SDKROOT = iphoneos;
				SWIFT_ACTIVE_COMPILATION_CONDITIONS = DEBUG;
				SWIFT_OPTIMIZATION_LEVEL = "-Onone";
			};
			name = Debug;
		};
		3D184AA922775AF900A2FDDC /* Release */ = {
			isa = XCBuildConfiguration;
			buildSettings = {
				ALWAYS_SEARCH_USER_PATHS = NO;
				CLANG_ANALYZER_NONNULL = YES;
				CLANG_ANALYZER_NUMBER_OBJECT_CONVERSION = YES_AGGRESSIVE;
				CLANG_CXX_LANGUAGE_STANDARD = "gnu++14";
				CLANG_CXX_LIBRARY = "libc++";
				CLANG_ENABLE_MODULES = YES;
				CLANG_ENABLE_OBJC_ARC = YES;
				CLANG_ENABLE_OBJC_WEAK = YES;
				CLANG_WARN_BLOCK_CAPTURE_AUTORELEASING = YES;
				CLANG_WARN_BOOL_CONVERSION = YES;
				CLANG_WARN_COMMA = YES;
				CLANG_WARN_CONSTANT_CONVERSION = YES;
				CLANG_WARN_DEPRECATED_OBJC_IMPLEMENTATIONS = YES;
				CLANG_WARN_DIRECT_OBJC_ISA_USAGE = YES_ERROR;
				CLANG_WARN_DOCUMENTATION_COMMENTS = YES;
				CLANG_WARN_EMPTY_BODY = YES;
				CLANG_WARN_ENUM_CONVERSION = YES;
				CLANG_WARN_INFINITE_RECURSION = YES;
				CLANG_WARN_INT_CONVERSION = YES;
				CLANG_WARN_NON_LITERAL_NULL_CONVERSION = YES;
				CLANG_WARN_OBJC_IMPLICIT_RETAIN_SELF = YES;
				CLANG_WARN_OBJC_LITERAL_CONVERSION = YES;
				CLANG_WARN_OBJC_ROOT_CLASS = YES_ERROR;
				CLANG_WARN_RANGE_LOOP_ANALYSIS = YES;
				CLANG_WARN_STRICT_PROTOTYPES = YES;
				CLANG_WARN_SUSPICIOUS_MOVE = YES;
				CLANG_WARN_UNGUARDED_AVAILABILITY = YES_AGGRESSIVE;
				CLANG_WARN_UNREACHABLE_CODE = YES;
				CLANG_WARN__DUPLICATE_METHOD_MATCH = YES;
				CODE_SIGN_IDENTITY = "iPhone Developer";
				COPY_PHASE_STRIP = NO;
				DEBUG_INFORMATION_FORMAT = "dwarf-with-dsym";
				ENABLE_NS_ASSERTIONS = NO;
				ENABLE_STRICT_OBJC_MSGSEND = YES;
				GCC_C_LANGUAGE_STANDARD = gnu11;
				GCC_NO_COMMON_BLOCKS = YES;
				GCC_WARN_64_TO_32_BIT_CONVERSION = YES;
				GCC_WARN_ABOUT_RETURN_TYPE = YES_ERROR;
				GCC_WARN_UNDECLARED_SELECTOR = YES;
				GCC_WARN_UNINITIALIZED_AUTOS = YES_AGGRESSIVE;
				GCC_WARN_UNUSED_FUNCTION = YES;
				GCC_WARN_UNUSED_VARIABLE = YES;
				IPHONEOS_DEPLOYMENT_TARGET = 12.2;
				MTL_ENABLE_DEBUG_INFO = NO;
				MTL_FAST_MATH = YES;
				SDKROOT = iphoneos;
				SWIFT_COMPILATION_MODE = wholemodule;
				SWIFT_OPTIMIZATION_LEVEL = "-O";
				VALIDATE_PRODUCT = YES;
			};
			name = Release;
		};
		3D184AAB22775AF900A2FDDC /* Debug */ = {
			isa = XCBuildConfiguration;
			buildSettings = {
				ASSETCATALOG_COMPILER_APPICON_NAME = AppIcon;
				CODE_SIGN_STYLE = Automatic;
				DEVELOPMENT_TEAM = K3F959XXFV;
				INFOPLIST_FILE = Screens/Info.plist;
				LD_RUNPATH_SEARCH_PATHS = (
					"$(inherited)",
					"@executable_path/Frameworks",
				);
				PRODUCT_BUNDLE_IDENTIFIER = com.mitchellbudge;
				PRODUCT_NAME = "$(TARGET_NAME)";
				SWIFT_VERSION = 5.0;
				TARGETED_DEVICE_FAMILY = "1,2";
			};
			name = Debug;
		};
		3D184AAC22775AF900A2FDDC /* Release */ = {
			isa = XCBuildConfiguration;
			buildSettings = {
				ASSETCATALOG_COMPILER_APPICON_NAME = AppIcon;
				CODE_SIGN_STYLE = Automatic;
				DEVELOPMENT_TEAM = K3F959XXFV;
				INFOPLIST_FILE = Screens/Info.plist;
				LD_RUNPATH_SEARCH_PATHS = (
					"$(inherited)",
					"@executable_path/Frameworks",
				);
				PRODUCT_BUNDLE_IDENTIFIER = com.mitchellbudge;
				PRODUCT_NAME = "$(TARGET_NAME)";
				SWIFT_VERSION = 5.0;
				TARGETED_DEVICE_FAMILY = "1,2";
			};
			name = Release;
		};
/* End XCBuildConfiguration section */

/* Begin XCConfigurationList section */
		3D184A9322775AF600A2FDDC /* Build configuration list for PBXProject "Screens" */ = {
			isa = XCConfigurationList;
			buildConfigurations = (
				3D184AA822775AF900A2FDDC /* Debug */,
				3D184AA922775AF900A2FDDC /* Release */,
			);
			defaultConfigurationIsVisible = 0;
			defaultConfigurationName = Release;
		};
		3D184AAA22775AF900A2FDDC /* Build configuration list for PBXNativeTarget "Screens" */ = {
			isa = XCConfigurationList;
			buildConfigurations = (
				3D184AAB22775AF900A2FDDC /* Debug */,
				3D184AAC22775AF900A2FDDC /* Release */,
			);
			defaultConfigurationIsVisible = 0;
			defaultConfigurationName = Release;
		};
/* End XCConfigurationList section */
	};
	rootObject = 3D184A9022775AF600A2FDDC /* Project object */;
}
